
Microsoft Visual Studio Solution File, Format Version 12.00
# Visual Studio Version 16
VisualStudioVersion = 16.0.29209.62
MinimumVisualStudioVersion = 10.0.40219.1
Project("{9A19103F-16F7-4668-BE54-9A1E7A4F7556}") = "DocuSQL.API", "DocuSQL.API\DocuSQL.API.csproj", "{E23116BF-0D2F-4351-9FCF-2258B4C479A5}"
EndProject
Global
	GlobalSection(SolutionConfigurationPlatforms) = preSolution
		Debug|Any CPU = Debug|Any CPU
		Release|Any CPU = Release|Any CPU
	EndGlobalSection
	GlobalSection(ProjectConfigurationPlatforms) = postSolution
		{E23116BF-0D2F-4351-9FCF-2258B4C479A5}.Debug|Any CPU.ActiveCfg = Debug|Any CPU
		{E23116BF-0D2F-4351-9FCF-2258B4C479A5}.Debug|Any CPU.Build.0 = Debug|Any CPU
		{E23116BF-0D2F-4351-9FCF-2258B4C479A5}.Release|Any CPU.ActiveCfg = Release|Any CPU
		{E23116BF-0D2F-4351-9FCF-2258B4C479A5}.Release|Any CPU.Build.0 = Release|Any CPU
	EndGlobalSection
	GlobalSection(SolutionProperties) = preSolution
		HideSolutionNode = FALSE
	EndGlobalSection
	GlobalSection(ExtensibilityGlobals) = postSolution
		SolutionGuid = {F828D8D0-6BC2-47ED-816A-BFF21588FDA6}
	EndGlobalSection
EndGlobal
